
Microsoft Visual Studio Solution File, Format Version 10.00
# Visual Studio 2008
Project("{F184B08F-C81C-45F6-A57F-5ABD9991F28F}") = "ServiceDemo", "ABCD123\ServiceDemo.vbproj", "{FB46518D-16CB-40BF-AF0E-90C3D118E128}"
EndProject
Global
	GlobalSection(SolutionConfigurationPlatforms) = preSolution
		Debug|Any CPU = Debug|Any CPU
		Release|Any CPU = Release|Any CPU
	EndGlobalSection
	GlobalSection(ProjectConfigurationPlatforms) = postSolution
		{FB46518D-16CB-40BF-AF0E-90C3D118E128}.Debug|Any CPU.ActiveCfg = Debug|Any CPU
		{FB46518D-16CB-40BF-AF0E-90C3D118E128}.Debug|Any CPU.Build.0 = Debug|Any CPU
		{FB46518D-16CB-40BF-AF0E-90C3D118E128}.Release|Any CPU.ActiveCfg = Release|Any CPU
		{FB46518D-16CB-40BF-AF0E-90C3D118E128}.Release|Any CPU.Build.0 = Release|Any CPU
	EndGlobalSection
	GlobalSection(SolutionProperties) = preSolution
		HideSolutionNode = FALSE
	EndGlobalSection
EndGlobal
