
Microsoft Visual Studio Solution File, Format Version 10.00
# Visual Studio 2008
Project("{F184B08F-C81C-45F6-A57F-5ABD9991F28F}") = "Demo", "Demo\Demo.vbproj", "{FE2AD1CB-1260-4DCE-B2F6-E81C2D54FC58}"
EndProject
Project("{F184B08F-C81C-45F6-A57F-5ABD9991F28F}") = "Demo.Tests", "Demo.Tests\Demo.Tests.vbproj", "{DE32E1D3-CFAB-400C-B9F5-E7C1A2EF0819}"
EndProject
Global
	GlobalSection(SolutionConfigurationPlatforms) = preSolution
		Debug|Any CPU = Debug|Any CPU
		Release|Any CPU = Release|Any CPU
	EndGlobalSection
	GlobalSection(ProjectConfigurationPlatforms) = postSolution
		{FE2AD1CB-1260-4DCE-B2F6-E81C2D54FC58}.Debug|Any CPU.ActiveCfg = Debug|Any CPU
		{FE2AD1CB-1260-4DCE-B2F6-E81C2D54FC58}.Debug|Any CPU.Build.0 = Debug|Any CPU
		{FE2AD1CB-1260-4DCE-B2F6-E81C2D54FC58}.Release|Any CPU.ActiveCfg = Release|Any CPU
		{FE2AD1CB-1260-4DCE-B2F6-E81C2D54FC58}.Release|Any CPU.Build.0 = Release|Any CPU
		{DE32E1D3-CFAB-400C-B9F5-E7C1A2EF0819}.Debug|Any CPU.ActiveCfg = Debug|Any CPU
		{DE32E1D3-CFAB-400C-B9F5-E7C1A2EF0819}.Debug|Any CPU.Build.0 = Debug|Any CPU
		{DE32E1D3-CFAB-400C-B9F5-E7C1A2EF0819}.Release|Any CPU.ActiveCfg = Release|Any CPU
		{DE32E1D3-CFAB-400C-B9F5-E7C1A2EF0819}.Release|Any CPU.Build.0 = Release|Any CPU
	EndGlobalSection
	GlobalSection(SolutionProperties) = preSolution
		HideSolutionNode = FALSE
	EndGlobalSection
EndGlobal
