
Microsoft Visual Studio Solution File, Format Version 10.00
# Visual Studio 2008
Project("{F184B08F-C81C-45F6-A57F-5ABD9991F28F}") = "LdapTester", "LdapTester\LdapTester.vbproj", "{193BB24A-16B9-4B36-8EDA-77DE629DB4E7}"
EndProject
Global
	GlobalSection(SolutionConfigurationPlatforms) = preSolution
		Debug|Any CPU = Debug|Any CPU
		Release|Any CPU = Release|Any CPU
	EndGlobalSection
	GlobalSection(ProjectConfigurationPlatforms) = postSolution
		{193BB24A-16B9-4B36-8EDA-77DE629DB4E7}.Debug|Any CPU.ActiveCfg = Debug|Any CPU
		{193BB24A-16B9-4B36-8EDA-77DE629DB4E7}.Debug|Any CPU.Build.0 = Debug|Any CPU
		{193BB24A-16B9-4B36-8EDA-77DE629DB4E7}.Release|Any CPU.ActiveCfg = Release|Any CPU
		{193BB24A-16B9-4B36-8EDA-77DE629DB4E7}.Release|Any CPU.Build.0 = Release|Any CPU
	EndGlobalSection
	GlobalSection(SolutionProperties) = preSolution
		HideSolutionNode = FALSE
	EndGlobalSection
EndGlobal
